// !$*UTF8*$!
{
	archiveVersion = 1;
	classes = {
	};
	objectVersion = 50;
	objects = {

/* Begin PBXBuildFile section */
		0663884B221C0C9000EA322C /* AppDelegate.swift in Sources */ = {isa = PBXBuildFile; fileRef = 0663884A221C0C9000EA322C /* AppDelegate.swift */; };
		06638850221C0C9000EA322C /* Main.storyboard in Resources */ = {isa = PBXBuildFile; fileRef = 0663884E221C0C9000EA322C /* Main.storyboard */; };
		06638853221C0C9000EA322C /* question_app.xcdatamodeld in Sources */ = {isa = PBXBuildFile; fileRef = 06638851221C0C9000EA322C /* question_app.xcdatamodeld */; };
		06638855221C0C9100EA322C /* Assets.xcassets in Resources */ = {isa = PBXBuildFile; fileRef = 06638854221C0C9100EA322C /* Assets.xcassets */; };
		06638858221C0C9100EA322C /* LaunchScreen.storyboard in Resources */ = {isa = PBXBuildFile; fileRef = 06638856221C0C9100EA322C /* LaunchScreen.storyboard */; };
		06638860221C0D6900EA322C /* GoogleService-Info.plist in Resources */ = {isa = PBXBuildFile; fileRef = 0663885F221C0D6900EA322C /* GoogleService-Info.plist */; };
		069583F8221C4572002989FE /* QuestionViewController.swift in Sources */ = {isa = PBXBuildFile; fileRef = 069583F7221C4572002989FE /* QuestionViewController.swift */; };
		069583FB221C5BCD002989FE /* Question.swift in Sources */ = {isa = PBXBuildFile; fileRef = 069583FA221C5BCD002989FE /* Question.swift */; };
		069583FD221C5C6D002989FE /* QuestionGenerator.swift in Sources */ = {isa = PBXBuildFile; fileRef = 069583FC221C5C6D002989FE /* QuestionGenerator.swift */; };
		069583FF221C5C93002989FE /* QuizManager.swift in Sources */ = {isa = PBXBuildFile; fileRef = 069583FE221C5C93002989FE /* QuizManager.swift */; };
		06B112D5221DE3E4003BAE49 /* FirebaseAuthController2.swift in Sources */ = {isa = PBXBuildFile; fileRef = 06B112D4221DE3E4003BAE49 /* FirebaseAuthController2.swift */; };
		06CD4357221D89F80000E260 /* MenuController.swift in Sources */ = {isa = PBXBuildFile; fileRef = 06CD4356221D89F80000E260 /* MenuController.swift */; };
		40EFA538FFDFF1BDEC1D185B /* Pods_question_app.framework in Frameworks */ = {isa = PBXBuildFile; fileRef = F868370F7811C58C0F2E72A6 /* Pods_question_app.framework */; };
/* End PBXBuildFile section */

/* Begin PBXFileReference section */
		039FD62D97B286DF6A84D0DA /* Pods-question-app.debug.xcconfig */ = {isa = PBXFileReference; includeInIndex = 1; lastKnownFileType = text.xcconfig; name = "Pods-question-app.debug.xcconfig"; path = "Target Support Files/Pods-question-app/Pods-question-app.debug.xcconfig"; sourceTree = "<group>"; };
		06638847221C0C9000EA322C /* question-app.app */ = {isa = PBXFileReference; explicitFileType = wrapper.application; includeInIndex = 0; path = "question-app.app"; sourceTree = BUILT_PRODUCTS_DIR; };
		0663884A221C0C9000EA322C /* AppDelegate.swift */ = {isa = PBXFileReference; lastKnownFileType = sourcecode.swift; path = AppDelegate.swift; sourceTree = "<group>"; };
		0663884F221C0C9000EA322C /* Base */ = {isa = PBXFileReference; lastKnownFileType = file.storyboard; name = Base; path = Base.lproj/Main.storyboard; sourceTree = "<group>"; };
		06638852221C0C9000EA322C /* question_app.xcdatamodel */ = {isa = PBXFileReference; lastKnownFileType = wrapper.xcdatamodel; path = question_app.xcdatamodel; sourceTree = "<group>"; };
		06638854221C0C9100EA322C /* Assets.xcassets */ = {isa = PBXFileReference; lastKnownFileType = folder.assetcatalog; path = Assets.xcassets; sourceTree = "<group>"; };
		06638857221C0C9100EA322C /* Base */ = {isa = PBXFileReference; lastKnownFileType = file.storyboard; name = Base; path = Base.lproj/LaunchScreen.storyboard; sourceTree = "<group>"; };
		06638859221C0C9100EA322C /* Info.plist */ = {isa = PBXFileReference; lastKnownFileType = text.plist.xml; path = Info.plist; sourceTree = "<group>"; };
		0663885F221C0D6900EA322C /* GoogleService-Info.plist */ = {isa = PBXFileReference; fileEncoding = 4; lastKnownFileType = text.plist.xml; name = "GoogleService-Info.plist"; path = "../../../Downloads/GoogleService-Info.plist"; sourceTree = "<group>"; };
		069583F7221C4572002989FE /* QuestionViewController.swift */ = {isa = PBXFileReference; lastKnownFileType = sourcecode.swift; path = QuestionViewController.swift; sourceTree = "<group>"; };
		069583FA221C5BCD002989FE /* Question.swift */ = {isa = PBXFileReference; lastKnownFileType = sourcecode.swift; path = Question.swift; sourceTree = "<group>"; };
		069583FC221C5C6D002989FE /* QuestionGenerator.swift */ = {isa = PBXFileReference; lastKnownFileType = sourcecode.swift; path = QuestionGenerator.swift; sourceTree = "<group>"; };
		069583FE221C5C93002989FE /* QuizManager.swift */ = {isa = PBXFileReference; lastKnownFileType = sourcecode.swift; path = QuizManager.swift; sourceTree = "<group>"; };
		06B112D3221DE1DF003BAE49 /* question-app.entitlements */ = {isa = PBXFileReference; lastKnownFileType = text.plist.entitlements; path = "question-app.entitlements"; sourceTree = "<group>"; };
		06B112D4221DE3E4003BAE49 /* FirebaseAuthController2.swift */ = {isa = PBXFileReference; lastKnownFileType = sourcecode.swift; path = FirebaseAuthController2.swift; sourceTree = "<group>"; };
		06CD4356221D89F80000E260 /* MenuController.swift */ = {isa = PBXFileReference; lastKnownFileType = sourcecode.swift; path = MenuController.swift; sourceTree = "<group>"; };
		683E4BF8E6E3C9CE7AA07492 /* Pods-question-app.release.xcconfig */ = {isa = PBXFileReference; includeInIndex = 1; lastKnownFileType = text.xcconfig; name = "Pods-question-app.release.xcconfig"; path = "Target Support Files/Pods-question-app/Pods-question-app.release.xcconfig"; sourceTree = "<group>"; };
		F868370F7811C58C0F2E72A6 /* Pods_question_app.framework */ = {isa = PBXFileReference; explicitFileType = wrapper.framework; includeInIndex = 0; path = Pods_question_app.framework; sourceTree = BUILT_PRODUCTS_DIR; };
/* End PBXFileReference section */

/* Begin PBXFrameworksBuildPhase section */
		06638844221C0C9000EA322C /* Frameworks */ = {
			isa = PBXFrameworksBuildPhase;
			buildActionMask = 2147483647;
			files = (
				40EFA538FFDFF1BDEC1D185B /* Pods_question_app.framework in Frameworks */,
			);
			runOnlyForDeploymentPostprocessing = 0;
		};
/* End PBXFrameworksBuildPhase section */

/* Begin PBXGroup section */
		0663883E221C0C8F00EA322C = {
			isa = PBXGroup;
			children = (
				06638849221C0C9000EA322C /* question-app */,
				06638848221C0C9000EA322C /* Products */,
				6FA915816EDE707F1997B7DE /* Pods */,
				3ABB51654432180BEAD3DFF4 /* Frameworks */,
			);
			sourceTree = "<group>";
		};
		06638848221C0C9000EA322C /* Products */ = {
			isa = PBXGroup;
			children = (
				06638847221C0C9000EA322C /* question-app.app */,
			);
			name = Products;
			sourceTree = "<group>";
		};
		06638849221C0C9000EA322C /* question-app */ = {
			isa = PBXGroup;
			children = (
				06B112D3221DE1DF003BAE49 /* question-app.entitlements */,
				06C22B25221D5BB300EACE77 /* View */,
				069583F9221C53F9002989FE /* Model */,
				069583F6221C4538002989FE /* Controller */,
				0663885F221C0D6900EA322C /* GoogleService-Info.plist */,
				0663884A221C0C9000EA322C /* AppDelegate.swift */,
				06638854221C0C9100EA322C /* Assets.xcassets */,
				06638859221C0C9100EA322C /* Info.plist */,
				06638851221C0C9000EA322C /* question_app.xcdatamodeld */,
			);
			path = "question-app";
			sourceTree = "<group>";
		};
		069583F6221C4538002989FE /* Controller */ = {
			isa = PBXGroup;
			children = (
				069583F7221C4572002989FE /* QuestionViewController.swift */,
				06CD4356221D89F80000E260 /* MenuController.swift */,
				06B112D4221DE3E4003BAE49 /* FirebaseAuthController2.swift */,
			);
			path = Controller;
			sourceTree = "<group>";
		};
		069583F9221C53F9002989FE /* Model */ = {
			isa = PBXGroup;
			children = (
				069583FA221C5BCD002989FE /* Question.swift */,
				069583FC221C5C6D002989FE /* QuestionGenerator.swift */,
				069583FE221C5C93002989FE /* QuizManager.swift */,
			);
			path = Model;
			sourceTree = "<group>";
		};
		06C22B25221D5BB300EACE77 /* View */ = {
			isa = PBXGroup;
			children = (
				0663884E221C0C9000EA322C /* Main.storyboard */,
				06638856221C0C9100EA322C /* LaunchScreen.storyboard */,
			);
			path = View;
			sourceTree = "<group>";
		};
		3ABB51654432180BEAD3DFF4 /* Frameworks */ = {
			isa = PBXGroup;
			children = (
				F868370F7811C58C0F2E72A6 /* Pods_question_app.framework */,
			);
			name = Frameworks;
			sourceTree = "<group>";
		};
		6FA915816EDE707F1997B7DE /* Pods */ = {
			isa = PBXGroup;
			children = (
				039FD62D97B286DF6A84D0DA /* Pods-question-app.debug.xcconfig */,
				683E4BF8E6E3C9CE7AA07492 /* Pods-question-app.release.xcconfig */,
			);
			path = Pods;
			sourceTree = "<group>";
		};
/* End PBXGroup section */

/* Begin PBXNativeTarget section */
		06638846221C0C9000EA322C /* question-app */ = {
			isa = PBXNativeTarget;
			buildConfigurationList = 0663885C221C0C9100EA322C /* Build configuration list for PBXNativeTarget "question-app" */;
			buildPhases = (
				EB8FBE346C672CD57D43926C /* [CP] Check Pods Manifest.lock */,
				06638843221C0C9000EA322C /* Sources */,
				06638844221C0C9000EA322C /* Frameworks */,
				06638845221C0C9000EA322C /* Resources */,
				A8FC4FEDCF73BDD5373774B0 /* [CP] Embed Pods Frameworks */,
				4D64D5D9F3ECD4FC36A19C9D /* [CP] Copy Pods Resources */,
			);
			buildRules = (
			);
			dependencies = (
			);
			name = "question-app";
			productName = "question-app";
			productReference = 06638847221C0C9000EA322C /* question-app.app */;
			productType = "com.apple.product-type.application";
		};
/* End PBXNativeTarget section */

/* Begin PBXProject section */
		0663883F221C0C9000EA322C /* Project object */ = {
			isa = PBXProject;
			attributes = {
				KnownAssetTags = (
					2,
				);
				LastSwiftUpdateCheck = 1010;
				LastUpgradeCheck = 1010;
				ORGANIZATIONNAME = "Алишер Халыкбаев";
				TargetAttributes = {
					06638846221C0C9000EA322C = {
						CreatedOnToolsVersion = 10.1;
						SystemCapabilities = {
							com.apple.iCloud = {
								enabled = 1;
							};
						};
					};
				};
			};
			buildConfigurationList = 06638842221C0C9000EA322C /* Build configuration list for PBXProject "question-app" */;
			compatibilityVersion = "Xcode 9.3";
			developmentRegion = en;
			hasScannedForEncodings = 0;
			knownRegions = (
				en,
				Base,
			);
			mainGroup = 0663883E221C0C8F00EA322C;
			productRefGroup = 06638848221C0C9000EA322C /* Products */;
			projectDirPath = "";
			projectRoot = "";
			targets = (
				06638846221C0C9000EA322C /* question-app */,
			);
		};
/* End PBXProject section */

/* Begin PBXResourcesBuildPhase section */
		06638845221C0C9000EA322C /* Resources */ = {
			isa = PBXResourcesBuildPhase;
			buildActionMask = 2147483647;
			files = (
				06638858221C0C9100EA322C /* LaunchScreen.storyboard in Resources */,
				06638860221C0D6900EA322C /* GoogleService-Info.plist in Resources */,
				06638855221C0C9100EA322C /* Assets.xcassets in Resources */,
				06638850221C0C9000EA322C /* Main.storyboard in Resources */,
			);
			runOnlyForDeploymentPostprocessing = 0;
		};
/* End PBXResourcesBuildPhase section */

/* Begin PBXShellScriptBuildPhase section */
		4D64D5D9F3ECD4FC36A19C9D /* [CP] Copy Pods Resources */ = {
			isa = PBXShellScriptBuildPhase;
			buildActionMask = 2147483647;
			files = (
			);
			inputFileListPaths = (
			);
			inputPaths = (
				"${PODS_ROOT}/Target Support Files/Pods-question-app/Pods-question-app-resources.sh",
				"${PODS_CONFIGURATION_BUILD_DIR}/FirebaseUI/FirebaseAuthUI.bundle",
				"${PODS_CONFIGURATION_BUILD_DIR}/FirebaseUI/FirebaseEmailAuthUI.bundle",
			);
			name = "[CP] Copy Pods Resources";
			outputFileListPaths = (
			);
			outputPaths = (
				"${TARGET_BUILD_DIR}/${UNLOCALIZED_RESOURCES_FOLDER_PATH}/FirebaseAuthUI.bundle",
				"${TARGET_BUILD_DIR}/${UNLOCALIZED_RESOURCES_FOLDER_PATH}/FirebaseEmailAuthUI.bundle",
			);
			runOnlyForDeploymentPostprocessing = 0;
			shellPath = /bin/sh;
			shellScript = "\"${PODS_ROOT}/Target Support Files/Pods-question-app/Pods-question-app-resources.sh\"\n";
			showEnvVarsInLog = 0;
		};
		A8FC4FEDCF73BDD5373774B0 /* [CP] Embed Pods Frameworks */ = {
			isa = PBXShellScriptBuildPhase;
			buildActionMask = 2147483647;
			files = (
			);
			inputFileListPaths = (
			);
			inputPaths = (
				"${PODS_ROOT}/Target Support Files/Pods-question-app/Pods-question-app-frameworks.sh",
				"${BUILT_PRODUCTS_DIR}/GTMSessionFetcher/GTMSessionFetcher.framework",
				"${BUILT_PRODUCTS_DIR}/GoogleUtilities/GoogleUtilities.framework",
				"${BUILT_PRODUCTS_DIR}/nanopb/nanopb.framework",
			);
			name = "[CP] Embed Pods Frameworks";
			outputFileListPaths = (
			);
			outputPaths = (
				"${TARGET_BUILD_DIR}/${FRAMEWORKS_FOLDER_PATH}/GTMSessionFetcher.framework",
				"${TARGET_BUILD_DIR}/${FRAMEWORKS_FOLDER_PATH}/GoogleUtilities.framework",
				"${TARGET_BUILD_DIR}/${FRAMEWORKS_FOLDER_PATH}/nanopb.framework",
			);
			runOnlyForDeploymentPostprocessing = 0;
			shellPath = /bin/sh;
			shellScript = "\"${PODS_ROOT}/Target Support Files/Pods-question-app/Pods-question-app-frameworks.sh\"\n";
			showEnvVarsInLog = 0;
		};
		EB8FBE346C672CD57D43926C /* [CP] Check Pods Manifest.lock */ = {
			isa = PBXShellScriptBuildPhase;
			buildActionMask = 2147483647;
			files = (
			);
			inputFileListPaths = (
			);
			inputPaths = (
				"${PODS_PODFILE_DIR_PATH}/Podfile.lock",
				"${PODS_ROOT}/Manifest.lock",
			);
			name = "[CP] Check Pods Manifest.lock";
			outputFileListPaths = (
			);
			outputPaths = (
				"$(DERIVED_FILE_DIR)/Pods-question-app-checkManifestLockResult.txt",
			);
			runOnlyForDeploymentPostprocessing = 0;
			shellPath = /bin/sh;
			shellScript = "diff \"${PODS_PODFILE_DIR_PATH}/Podfile.lock\" \"${PODS_ROOT}/Manifest.lock\" > /dev/null\nif [ $? != 0 ] ; then\n    # print error to STDERR\n    echo \"error: The sandbox is not in sync with the Podfile.lock. Run 'pod install' or update your CocoaPods installation.\" >&2\n    exit 1\nfi\n# This output is used by Xcode 'outputs' to avoid re-running this script phase.\necho \"SUCCESS\" > \"${SCRIPT_OUTPUT_FILE_0}\"\n";
			showEnvVarsInLog = 0;
		};
/* End PBXShellScriptBuildPhase section */

/* Begin PBXSourcesBuildPhase section */
		06638843221C0C9000EA322C /* Sources */ = {
			isa = PBXSourcesBuildPhase;
			buildActionMask = 2147483647;
			files = (
				06638853221C0C9000EA322C /* question_app.xcdatamodeld in Sources */,
				06CD4357221D89F80000E260 /* MenuController.swift in Sources */,
				069583FD221C5C6D002989FE /* QuestionGenerator.swift in Sources */,
				06B112D5221DE3E4003BAE49 /* FirebaseAuthController2.swift in Sources */,
				069583FB221C5BCD002989FE /* Question.swift in Sources */,
				0663884B221C0C9000EA322C /* AppDelegate.swift in Sources */,
				069583FF221C5C93002989FE /* QuizManager.swift in Sources */,
				069583F8221C4572002989FE /* QuestionViewController.swift in Sources */,
			);
			runOnlyForDeploymentPostprocessing = 0;
		};
/* End PBXSourcesBuildPhase section */

/* Begin PBXVariantGroup section */
		0663884E221C0C9000EA322C /* Main.storyboard */ = {
			isa = PBXVariantGroup;
			children = (
				0663884F221C0C9000EA322C /* Base */,
			);
			name = Main.storyboard;
			sourceTree = "<group>";
		};
		06638856221C0C9100EA322C /* LaunchScreen.storyboard */ = {
			isa = PBXVariantGroup;
			children = (
				06638857221C0C9100EA322C /* Base */,
			);
			name = LaunchScreen.storyboard;
			sourceTree = "<group>";
		};
/* End PBXVariantGroup section */

/* Begin XCBuildConfiguration section */
		0663885A221C0C9100EA322C /* Debug */ = {
			isa = XCBuildConfiguration;
			buildSettings = {
				ALWAYS_SEARCH_USER_PATHS = NO;
				CLANG_ANALYZER_NONNULL = YES;
				CLANG_ANALYZER_NUMBER_OBJECT_CONVERSION = YES_AGGRESSIVE;
				CLANG_CXX_LANGUAGE_STANDARD = "gnu++14";
				CLANG_CXX_LIBRARY = "libc++";
				CLANG_ENABLE_MODULES = YES;
				CLANG_ENABLE_OBJC_ARC = YES;
				CLANG_ENABLE_OBJC_WEAK = YES;
				CLANG_WARN_BLOCK_CAPTURE_AUTORELEASING = YES;
				CLANG_WARN_BOOL_CONVERSION = YES;
				CLANG_WARN_COMMA = YES;
				CLANG_WARN_CONSTANT_CONVERSION = YES;
				CLANG_WARN_DEPRECATED_OBJC_IMPLEMENTATIONS = YES;
				CLANG_WARN_DIRECT_OBJC_ISA_USAGE = YES_ERROR;
				CLANG_WARN_DOCUMENTATION_COMMENTS = YES;
				CLANG_WARN_EMPTY_BODY = YES;
				CLANG_WARN_ENUM_CONVERSION = YES;
				CLANG_WARN_INFINITE_RECURSION = YES;
				CLANG_WARN_INT_CONVERSION = YES;
				CLANG_WARN_NON_LITERAL_NULL_CONVERSION = YES;
				CLANG_WARN_OBJC_IMPLICIT_RETAIN_SELF = YES;
				CLANG_WARN_OBJC_LITERAL_CONVERSION = YES;
				CLANG_WARN_OBJC_ROOT_CLASS = YES_ERROR;
				CLANG_WARN_RANGE_LOOP_ANALYSIS = YES;
				CLANG_WARN_STRICT_PROTOTYPES = YES;
				CLANG_WARN_SUSPICIOUS_MOVE = YES;
				CLANG_WARN_UNGUARDED_AVAILABILITY = YES_AGGRESSIVE;
				CLANG_WARN_UNREACHABLE_CODE = YES;
				CLANG_WARN__DUPLICATE_METHOD_MATCH = YES;
				CODE_SIGN_IDENTITY = "iPhone Developer";
				COPY_PHASE_STRIP = NO;
				DEBUG_INFORMATION_FORMAT = dwarf;
				ENABLE_STRICT_OBJC_MSGSEND = YES;
				ENABLE_TESTABILITY = YES;
				GCC_C_LANGUAGE_STANDARD = gnu11;
				GCC_DYNAMIC_NO_PIC = NO;
				GCC_NO_COMMON_BLOCKS = YES;
				GCC_OPTIMIZATION_LEVEL = 0;
				GCC_PREPROCESSOR_DEFINITIONS = (
					"DEBUG=1",
					"$(inherited)",
				);
				GCC_WARN_64_TO_32_BIT_CONVERSION = YES;
				GCC_WARN_ABOUT_RETURN_TYPE = YES_ERROR;
				GCC_WARN_UNDECLARED_SELECTOR = YES;
				GCC_WARN_UNINITIALIZED_AUTOS = YES_AGGRESSIVE;
				GCC_WARN_UNUSED_FUNCTION = YES;
				GCC_WARN_UNUSED_VARIABLE = YES;
				IPHONEOS_DEPLOYMENT_TARGET = 12.1;
				MTL_ENABLE_DEBUG_INFO = INCLUDE_SOURCE;
				MTL_FAST_MATH = YES;
				ONLY_ACTIVE_ARCH = YES;
				SDKROOT = iphoneos;
				SWIFT_ACTIVE_COMPILATION_CONDITIONS = DEBUG;
				SWIFT_OPTIMIZATION_LEVEL = "-Onone";
			};
			name = Debug;
		};
		0663885B221C0C9100EA322C /* Release */ = {
			isa = XCBuildConfiguration;
			buildSettings = {
				ALWAYS_SEARCH_USER_PATHS = NO;
				CLANG_ANALYZER_NONNULL = YES;
				CLANG_ANALYZER_NUMBER_OBJECT_CONVERSION = YES_AGGRESSIVE;
				CLANG_CXX_LANGUAGE_STANDARD = "gnu++14";
				CLANG_CXX_LIBRARY = "libc++";
				CLANG_ENABLE_MODULES = YES;
				CLANG_ENABLE_OBJC_ARC = YES;
				CLANG_ENABLE_OBJC_WEAK = YES;
				CLANG_WARN_BLOCK_CAPTURE_AUTORELEASING = YES;
				CLANG_WARN_BOOL_CONVERSION = YES;
				CLANG_WARN_COMMA = YES;
				CLANG_WARN_CONSTANT_CONVERSION = YES;
				CLANG_WARN_DEPRECATED_OBJC_IMPLEMENTATIONS = YES;
				CLANG_WARN_DIRECT_OBJC_ISA_USAGE = YES_ERROR;
				CLANG_WARN_DOCUMENTATION_COMMENTS = YES;
				CLANG_WARN_EMPTY_BODY = YES;
				CLANG_WARN_ENUM_CONVERSION = YES;
				CLANG_WARN_INFINITE_RECURSION = YES;
				CLANG_WARN_INT_CONVERSION = YES;
				CLANG_WARN_NON_LITERAL_NULL_CONVERSION = YES;
				CLANG_WARN_OBJC_IMPLICIT_RETAIN_SELF = YES;
				CLANG_WARN_OBJC_LITERAL_CONVERSION = YES;
				CLANG_WARN_OBJC_ROOT_CLASS = YES_ERROR;
				CLANG_WARN_RANGE_LOOP_ANALYSIS = YES;
				CLANG_WARN_STRICT_PROTOTYPES = YES;
				CLANG_WARN_SUSPICIOUS_MOVE = YES;
				CLANG_WARN_UNGUARDED_AVAILABILITY = YES_AGGRESSIVE;
				CLANG_WARN_UNREACHABLE_CODE = YES;
				CLANG_WARN__DUPLICATE_METHOD_MATCH = YES;
				CODE_SIGN_IDENTITY = "iPhone Developer";
				COPY_PHASE_STRIP = NO;
				DEBUG_INFORMATION_FORMAT = "dwarf-with-dsym";
				ENABLE_NS_ASSERTIONS = NO;
				ENABLE_STRICT_OBJC_MSGSEND = YES;
				GCC_C_LANGUAGE_STANDARD = gnu11;
				GCC_NO_COMMON_BLOCKS = YES;
				GCC_WARN_64_TO_32_BIT_CONVERSION = YES;
				GCC_WARN_ABOUT_RETURN_TYPE = YES_ERROR;
				GCC_WARN_UNDECLARED_SELECTOR = YES;
				GCC_WARN_UNINITIALIZED_AUTOS = YES_AGGRESSIVE;
				GCC_WARN_UNUSED_FUNCTION = YES;
				GCC_WARN_UNUSED_VARIABLE = YES;
				IPHONEOS_DEPLOYMENT_TARGET = 12.1;
				MTL_ENABLE_DEBUG_INFO = NO;
				MTL_FAST_MATH = YES;
				SDKROOT = iphoneos;
				SWIFT_COMPILATION_MODE = wholemodule;
				SWIFT_OPTIMIZATION_LEVEL = "-O";
				VALIDATE_PRODUCT = YES;
			};
			name = Release;
		};
		0663885D221C0C9100EA322C /* Debug */ = {
			isa = XCBuildConfiguration;
			baseConfigurationReference = 039FD62D97B286DF6A84D0DA /* Pods-question-app.debug.xcconfig */;
			buildSettings = {
				ASSETCATALOG_COMPILER_APPICON_NAME = AppIcon;
				CODE_SIGN_ENTITLEMENTS = "question-app/question-app.entitlements";
				CODE_SIGN_STYLE = Automatic;
				DEVELOPMENT_TEAM = MRQSPD92ZW;
				INFOPLIST_FILE = "question-app/Info.plist";
				LD_RUNPATH_SEARCH_PATHS = (
					"$(inherited)",
					"@executable_path/Frameworks",
				);
				PRODUCT_BUNDLE_IDENTIFIER = "com.omegalabs.question-app";
				PRODUCT_NAME = "$(TARGET_NAME)";
				SWIFT_VERSION = 4.2;
				TARGETED_DEVICE_FAMILY = 1;
			};
			name = Debug;
		};
		0663885E221C0C9100EA322C /* Release */ = {
			isa = XCBuildConfiguration;
			baseConfigurationReference = 683E4BF8E6E3C9CE7AA07492 /* Pods-question-app.release.xcconfig */;
			buildSettings = {
				ASSETCATALOG_COMPILER_APPICON_NAME = AppIcon;
				CODE_SIGN_ENTITLEMENTS = "question-app/question-app.entitlements";
				CODE_SIGN_STYLE = Automatic;
				DEVELOPMENT_TEAM = MRQSPD92ZW;
				INFOPLIST_FILE = "question-app/Info.plist";
				LD_RUNPATH_SEARCH_PATHS = (
					"$(inherited)",
					"@executable_path/Frameworks",
				);
				PRODUCT_BUNDLE_IDENTIFIER = "com.omegalabs.question-app";
				PRODUCT_NAME = "$(TARGET_NAME)";
				SWIFT_VERSION = 4.2;
				TARGETED_DEVICE_FAMILY = 1;
			};
			name = Release;
		};
/* End XCBuildConfiguration section */

/* Begin XCConfigurationList section */
		06638842221C0C9000EA322C /* Build configuration list for PBXProject "question-app" */ = {
			isa = XCConfigurationList;
			buildConfigurations = (
				0663885A221C0C9100EA322C /* Debug */,
				0663885B221C0C9100EA322C /* Release */,
			);
			defaultConfigurationIsVisible = 0;
			defaultConfigurationName = Release;
		};
		0663885C221C0C9100EA322C /* Build configuration list for PBXNativeTarget "question-app" */ = {
			isa = XCConfigurationList;
			buildConfigurations = (
				0663885D221C0C9100EA322C /* Debug */,
				0663885E221C0C9100EA322C /* Release */,
			);
			defaultConfigurationIsVisible = 0;
			defaultConfigurationName = Release;
		};
/* End XCConfigurationList section */

/* Begin XCVersionGroup section */
		06638851221C0C9000EA322C /* question_app.xcdatamodeld */ = {
			isa = XCVersionGroup;
			children = (
				06638852221C0C9000EA322C /* question_app.xcdatamodel */,
			);
			currentVersion = 06638852221C0C9000EA322C /* question_app.xcdatamodel */;
			path = question_app.xcdatamodeld;
			sourceTree = "<group>";
			versionGroupType = wrapper.xcdatamodel;
		};
/* End XCVersionGroup section */
	};
	rootObject = 0663883F221C0C9000EA322C /* Project object */;
}
